
Microsoft Visual Studio Solution File, Format Version 12.00
# Visual Studio 15
VisualStudioVersion = 15.0.26730.3
MinimumVisualStudioVersion = 10.0.40219.1
Project("{FAE04EC0-301F-11D3-BF4B-00C04F79EFBC}") = "Forest", "Forest\Forest.csproj", "{212E6D1A-8008-4ED2-8D6B-A16E5C530E45}"
EndProject
Project("{FAE04EC0-301F-11D3-BF4B-00C04F79EFBC}") = "Forest.Services", "Forest.Services\Forest.Services.csproj", "{47A22DE5-67E0-4042-81E3-5FDE1D4F4E17}"
EndProject
Project("{FAE04EC0-301F-11D3-BF4B-00C04F79EFBC}") = "Forest.Data", "Forest.Data\Forest.Data.csproj", "{ED3BEBE6-CEF6-48C1-895A-1A579FBBFEC9}"
EndProject
Global
	GlobalSection(SolutionConfigurationPlatforms) = preSolution
		Debug|Any CPU = Debug|Any CPU
		Release|Any CPU = Release|Any CPU
	EndGlobalSection
	GlobalSection(ProjectConfigurationPlatforms) = postSolution
		{212E6D1A-8008-4ED2-8D6B-A16E5C530E45}.Debug|Any CPU.ActiveCfg = Debug|Any CPU
		{212E6D1A-8008-4ED2-8D6B-A16E5C530E45}.Debug|Any CPU.Build.0 = Debug|Any CPU
		{212E6D1A-8008-4ED2-8D6B-A16E5C530E45}.Release|Any CPU.ActiveCfg = Release|Any CPU
		{212E6D1A-8008-4ED2-8D6B-A16E5C530E45}.Release|Any CPU.Build.0 = Release|Any CPU
		{47A22DE5-67E0-4042-81E3-5FDE1D4F4E17}.Debug|Any CPU.ActiveCfg = Debug|Any CPU
		{47A22DE5-67E0-4042-81E3-5FDE1D4F4E17}.Debug|Any CPU.Build.0 = Debug|Any CPU
		{47A22DE5-67E0-4042-81E3-5FDE1D4F4E17}.Release|Any CPU.ActiveCfg = Release|Any CPU
		{47A22DE5-67E0-4042-81E3-5FDE1D4F4E17}.Release|Any CPU.Build.0 = Release|Any CPU
		{ED3BEBE6-CEF6-48C1-895A-1A579FBBFEC9}.Debug|Any CPU.ActiveCfg = Debug|Any CPU
		{ED3BEBE6-CEF6-48C1-895A-1A579FBBFEC9}.Debug|Any CPU.Build.0 = Debug|Any CPU
		{ED3BEBE6-CEF6-48C1-895A-1A579FBBFEC9}.Release|Any CPU.ActiveCfg = Release|Any CPU
		{ED3BEBE6-CEF6-48C1-895A-1A579FBBFEC9}.Release|Any CPU.Build.0 = Release|Any CPU
	EndGlobalSection
	GlobalSection(SolutionProperties) = preSolution
		HideSolutionNode = FALSE
	EndGlobalSection
	GlobalSection(ExtensibilityGlobals) = postSolution
		SolutionGuid = {AE6D3853-BB26-465D-8817-4C63ED351845}
	EndGlobalSection
EndGlobal
